
Microsoft Visual Studio Solution File, Format Version 12.00
# Visual Studio Version 16
VisualStudioVersion = 16.0.33801.447
MinimumVisualStudioVersion = 10.0.40219.1
Project("{FAE04EC0-301F-11D3-BF4B-00C04F79EFBC}") = "Project1SchoolRegister", "Project1SchoolRegister\Project1SchoolRegister.csproj", "{05FBB465-6E2C-4527-ACA3-6B1395B1F6EC}"
EndProject
Global
	GlobalSection(SolutionConfigurationPlatforms) = preSolution
		Debug|Any CPU = Debug|Any CPU
		Release|Any CPU = Release|Any CPU
	EndGlobalSection
	GlobalSection(ProjectConfigurationPlatforms) = postSolution
		{05FBB465-6E2C-4527-ACA3-6B1395B1F6EC}.Debug|Any CPU.ActiveCfg = Debug|Any CPU
		{05FBB465-6E2C-4527-ACA3-6B1395B1F6EC}.Debug|Any CPU.Build.0 = Debug|Any CPU
		{05FBB465-6E2C-4527-ACA3-6B1395B1F6EC}.Release|Any CPU.ActiveCfg = Release|Any CPU
		{05FBB465-6E2C-4527-ACA3-6B1395B1F6EC}.Release|Any CPU.Build.0 = Release|Any CPU
	EndGlobalSection
	GlobalSection(SolutionProperties) = preSolution
		HideSolutionNode = FALSE
	EndGlobalSection
	GlobalSection(ExtensibilityGlobals) = postSolution
		SolutionGuid = {44F06F7B-CCF9-4DA1-946A-D5672387FFC4}
	EndGlobalSection
EndGlobal
